github.com/OvyFlash/telegram-bot-api v0.0.0-20260219140839-20ca18a350af h1:qy7zcVv1iizcLRDdLzx6t+DB+c7xZtn4m9XcIu1Sxq8=
github.com/OvyFlash/telegram-bot-api v0.0.0-20260219140839-20ca18a350af/go.mod h1:2nRUdsKyWhvezqW/rBGWEQdcTQeTtnbSNd2dgx76WYA=
github.com/mattn/go-sqlite3 v1.14.34 h1:3NtcvcUnFBPsuRcno8pUtupspG/GM+9nZ88zgJcp6Zk=
github.com/mattn/go-sqlite3 v1.14.34/go.mod h1:Uh1q+B4BYcTPb+yiD3kU8Ct7aC0hY9fxUwlHK0RXw+Y=
